
Microsoft Visual Studio Solution File, Format Version 12.00
# Visual Studio Version 16
VisualStudioVersion = 16.0.29613.14
MinimumVisualStudioVersion = 10.0.40219.1
Project("{9A19103F-16F7-4668-BE54-9A1E7A4F7556}") = "Ex2", "Ex2\Ex2.csproj", "{D1F8AAB9-9D07-414C-B630-116BC202EAC2}"
EndProject
Project("{9A19103F-16F7-4668-BE54-9A1E7A4F7556}") = "Ex1", "Ex1\Ex1.csproj", "{FEA70E53-41F1-476A-BD39-2446384BF896}"
EndProject
Project("{FAE04EC0-301F-11D3-BF4B-00C04F79EFBC}") = "Ex3", "Ex3\Ex3.csproj", "{A37A7437-7C2C-4230-AD87-15D26EA09A76}"
EndProject
Project("{FAE04EC0-301F-11D3-BF4B-00C04F79EFBC}") = "Ex4", "Ex4\Ex4.csproj", "{3B67309C-49C7-4939-9ADE-7026C46200C9}"
EndProject
Project("{FAE04EC0-301F-11D3-BF4B-00C04F79EFBC}") = "Ex5", "Ex5\Ex5.csproj", "{95036754-3379-42E7-85F1-F3BEB3A37CC1}"
EndProject
Project("{FAE04EC0-301F-11D3-BF4B-00C04F79EFBC}") = "Ex6", "Ex6\Ex6.csproj", "{6CCD13C8-7F43-4956-A174-BF3093759857}"
EndProject
Project("{FAE04EC0-301F-11D3-BF4B-00C04F79EFBC}") = "Ex7", "Ex7\Ex7.csproj", "{24A668EC-3B1E-4CAE-9722-06B9A25EF981}"
EndProject
Project("{FAE04EC0-301F-11D3-BF4B-00C04F79EFBC}") = "Ex8", "Ex8\Ex8.csproj", "{B5EE674D-2E60-4C02-819D-E027E02AB739}"
EndProject
Project("{FAE04EC0-301F-11D3-BF4B-00C04F79EFBC}") = "Ex9", "Ex9\Ex9.csproj", "{D57FBC57-F9F1-4971-93ED-E2703E475A3A}"
EndProject
Project("{FAE04EC0-301F-11D3-BF4B-00C04F79EFBC}") = "Ex10", "Ex10\Ex10.csproj", "{2A55B353-9EF3-4067-AB3B-91286C3EC7C6}"
EndProject
Project("{FAE04EC0-301F-11D3-BF4B-00C04F79EFBC}") = "Ex12", "Ex12\Ex12.csproj", "{3C15C5E0-EB31-4CB4-9804-A0E3AE95AE1F}"
EndProject
Project("{FAE04EC0-301F-11D3-BF4B-00C04F79EFBC}") = "Ex11", "Ex11\Ex11.csproj", "{0D3EDB09-A997-44A3-9C21-BA4A16D3CF8F}"
EndProject
Global
	GlobalSection(SolutionConfigurationPlatforms) = preSolution
		Debug|Any CPU = Debug|Any CPU
		Release|Any CPU = Release|Any CPU
	EndGlobalSection
	GlobalSection(ProjectConfigurationPlatforms) = postSolution
		{D1F8AAB9-9D07-414C-B630-116BC202EAC2}.Debug|Any CPU.ActiveCfg = Debug|Any CPU
		{D1F8AAB9-9D07-414C-B630-116BC202EAC2}.Debug|Any CPU.Build.0 = Debug|Any CPU
		{D1F8AAB9-9D07-414C-B630-116BC202EAC2}.Release|Any CPU.ActiveCfg = Release|Any CPU
		{D1F8AAB9-9D07-414C-B630-116BC202EAC2}.Release|Any CPU.Build.0 = Release|Any CPU
		{FEA70E53-41F1-476A-BD39-2446384BF896}.Debug|Any CPU.ActiveCfg = Debug|Any CPU
		{FEA70E53-41F1-476A-BD39-2446384BF896}.Debug|Any CPU.Build.0 = Debug|Any CPU
		{FEA70E53-41F1-476A-BD39-2446384BF896}.Release|Any CPU.ActiveCfg = Release|Any CPU
		{FEA70E53-41F1-476A-BD39-2446384BF896}.Release|Any CPU.Build.0 = Release|Any CPU
		{A37A7437-7C2C-4230-AD87-15D26EA09A76}.Debug|Any CPU.ActiveCfg = Debug|Any CPU
		{A37A7437-7C2C-4230-AD87-15D26EA09A76}.Debug|Any CPU.Build.0 = Debug|Any CPU
		{A37A7437-7C2C-4230-AD87-15D26EA09A76}.Release|Any CPU.ActiveCfg = Release|Any CPU
		{A37A7437-7C2C-4230-AD87-15D26EA09A76}.Release|Any CPU.Build.0 = Release|Any CPU
		{3B67309C-49C7-4939-9ADE-7026C46200C9}.Debug|Any CPU.ActiveCfg = Debug|Any CPU
		{3B67309C-49C7-4939-9ADE-7026C46200C9}.Debug|Any CPU.Build.0 = Debug|Any CPU
		{3B67309C-49C7-4939-9ADE-7026C46200C9}.Release|Any CPU.ActiveCfg = Release|Any CPU
		{3B67309C-49C7-4939-9ADE-7026C46200C9}.Release|Any CPU.Build.0 = Release|Any CPU
		{95036754-3379-42E7-85F1-F3BEB3A37CC1}.Debug|Any CPU.ActiveCfg = Debug|Any CPU
		{95036754-3379-42E7-85F1-F3BEB3A37CC1}.Debug|Any CPU.Build.0 = Debug|Any CPU
		{95036754-3379-42E7-85F1-F3BEB3A37CC1}.Release|Any CPU.ActiveCfg = Release|Any CPU
		{95036754-3379-42E7-85F1-F3BEB3A37CC1}.Release|Any CPU.Build.0 = Release|Any CPU
		{6CCD13C8-7F43-4956-A174-BF3093759857}.Debug|Any CPU.ActiveCfg = Debug|Any CPU
		{6CCD13C8-7F43-4956-A174-BF3093759857}.Debug|Any CPU.Build.0 = Debug|Any CPU
		{6CCD13C8-7F43-4956-A174-BF3093759857}.Release|Any CPU.ActiveCfg = Release|Any CPU
		{6CCD13C8-7F43-4956-A174-BF3093759857}.Release|Any CPU.Build.0 = Release|Any CPU
		{24A668EC-3B1E-4CAE-9722-06B9A25EF981}.Debug|Any CPU.ActiveCfg = Debug|Any CPU
		{24A668EC-3B1E-4CAE-9722-06B9A25EF981}.Debug|Any CPU.Build.0 = Debug|Any CPU
		{24A668EC-3B1E-4CAE-9722-06B9A25EF981}.Release|Any CPU.ActiveCfg = Release|Any CPU
		{24A668EC-3B1E-4CAE-9722-06B9A25EF981}.Release|Any CPU.Build.0 = Release|Any CPU
		{B5EE674D-2E60-4C02-819D-E027E02AB739}.Debug|Any CPU.ActiveCfg = Debug|Any CPU
		{B5EE674D-2E60-4C02-819D-E027E02AB739}.Debug|Any CPU.Build.0 = Debug|Any CPU
		{B5EE674D-2E60-4C02-819D-E027E02AB739}.Release|Any CPU.ActiveCfg = Release|Any CPU
		{B5EE674D-2E60-4C02-819D-E027E02AB739}.Release|Any CPU.Build.0 = Release|Any CPU
		{D57FBC57-F9F1-4971-93ED-E2703E475A3A}.Debug|Any CPU.ActiveCfg = Debug|Any CPU
		{D57FBC57-F9F1-4971-93ED-E2703E475A3A}.Debug|Any CPU.Build.0 = Debug|Any CPU
		{D57FBC57-F9F1-4971-93ED-E2703E475A3A}.Release|Any CPU.ActiveCfg = Release|Any CPU
		{D57FBC57-F9F1-4971-93ED-E2703E475A3A}.Release|Any CPU.Build.0 = Release|Any CPU
		{2A55B353-9EF3-4067-AB3B-91286C3EC7C6}.Debug|Any CPU.ActiveCfg = Debug|Any CPU
		{2A55B353-9EF3-4067-AB3B-91286C3EC7C6}.Debug|Any CPU.Build.0 = Debug|Any CPU
		{2A55B353-9EF3-4067-AB3B-91286C3EC7C6}.Release|Any CPU.ActiveCfg = Release|Any CPU
		{2A55B353-9EF3-4067-AB3B-91286C3EC7C6}.Release|Any CPU.Build.0 = Release|Any CPU
		{3C15C5E0-EB31-4CB4-9804-A0E3AE95AE1F}.Debug|Any CPU.ActiveCfg = Debug|Any CPU
		{3C15C5E0-EB31-4CB4-9804-A0E3AE95AE1F}.Debug|Any CPU.Build.0 = Debug|Any CPU
		{3C15C5E0-EB31-4CB4-9804-A0E3AE95AE1F}.Release|Any CPU.ActiveCfg = Release|Any CPU
		{3C15C5E0-EB31-4CB4-9804-A0E3AE95AE1F}.Release|Any CPU.Build.0 = Release|Any CPU
		{0D3EDB09-A997-44A3-9C21-BA4A16D3CF8F}.Debug|Any CPU.ActiveCfg = Debug|Any CPU
		{0D3EDB09-A997-44A3-9C21-BA4A16D3CF8F}.Debug|Any CPU.Build.0 = Debug|Any CPU
		{0D3EDB09-A997-44A3-9C21-BA4A16D3CF8F}.Release|Any CPU.ActiveCfg = Release|Any CPU
		{0D3EDB09-A997-44A3-9C21-BA4A16D3CF8F}.Release|Any CPU.Build.0 = Release|Any CPU
	EndGlobalSection
	GlobalSection(SolutionProperties) = preSolution
		HideSolutionNode = FALSE
	EndGlobalSection
	GlobalSection(ExtensibilityGlobals) = postSolution
		SolutionGuid = {61F780DA-BA13-42E8-B11D-0E037E1928CD}
	EndGlobalSection
EndGlobal
